
Microsoft Visual Studio Solution File, Format Version 12.00
# Visual Studio 14
VisualStudioVersion = 14.0.25420.1
MinimumVisualStudioVersion = 10.0.40219.1
Project("{FAE04EC0-301F-11D3-BF4B-00C04F79EFBC}") = "JobBO", "JobBO\JobBO.csproj", "{5EA7D28A-EE06-433A-8EC9-182E48667D03}"
EndProject
Project("{FAE04EC0-301F-11D3-BF4B-00C04F79EFBC}") = "JobDAL", "JobDAL\JobDAL.csproj", "{9E35E2A6-76B1-4CA6-917B-59D4AA0D5A65}"
EndProject
Project("{FAE04EC0-301F-11D3-BF4B-00C04F79EFBC}") = "Jobs", "Jobs\Jobs.csproj", "{3AC608AB-3064-4075-B1B2-EF81E8F000AA}"
EndProject
Project("{FAE04EC0-301F-11D3-BF4B-00C04F79EFBC}") = "JobsApplication", "JobsApplication\JobsApplication.csproj", "{595593E6-615C-4CF4-8016-B3818B99A9C9}"
	ProjectSection(ProjectDependencies) = postProject
		{3AC608AB-3064-4075-B1B2-EF81E8F000AA} = {3AC608AB-3064-4075-B1B2-EF81E8F000AA}
	EndProjectSection
EndProject
Global
	GlobalSection(SolutionConfigurationPlatforms) = preSolution
		Debug|Any CPU = Debug|Any CPU
		Release|Any CPU = Release|Any CPU
	EndGlobalSection
	GlobalSection(ProjectConfigurationPlatforms) = postSolution
		{5EA7D28A-EE06-433A-8EC9-182E48667D03}.Debug|Any CPU.ActiveCfg = Debug|Any CPU
		{5EA7D28A-EE06-433A-8EC9-182E48667D03}.Debug|Any CPU.Build.0 = Debug|Any CPU
		{5EA7D28A-EE06-433A-8EC9-182E48667D03}.Release|Any CPU.ActiveCfg = Release|Any CPU
		{5EA7D28A-EE06-433A-8EC9-182E48667D03}.Release|Any CPU.Build.0 = Release|Any CPU
		{9E35E2A6-76B1-4CA6-917B-59D4AA0D5A65}.Debug|Any CPU.ActiveCfg = Debug|Any CPU
		{9E35E2A6-76B1-4CA6-917B-59D4AA0D5A65}.Debug|Any CPU.Build.0 = Debug|Any CPU
		{9E35E2A6-76B1-4CA6-917B-59D4AA0D5A65}.Release|Any CPU.ActiveCfg = Release|Any CPU
		{9E35E2A6-76B1-4CA6-917B-59D4AA0D5A65}.Release|Any CPU.Build.0 = Release|Any CPU
		{3AC608AB-3064-4075-B1B2-EF81E8F000AA}.Debug|Any CPU.ActiveCfg = Debug|Any CPU
		{3AC608AB-3064-4075-B1B2-EF81E8F000AA}.Debug|Any CPU.Build.0 = Debug|Any CPU
		{3AC608AB-3064-4075-B1B2-EF81E8F000AA}.Release|Any CPU.ActiveCfg = Release|Any CPU
		{3AC608AB-3064-4075-B1B2-EF81E8F000AA}.Release|Any CPU.Build.0 = Release|Any CPU
		{595593E6-615C-4CF4-8016-B3818B99A9C9}.Debug|Any CPU.ActiveCfg = Debug|Any CPU
		{595593E6-615C-4CF4-8016-B3818B99A9C9}.Debug|Any CPU.Build.0 = Debug|Any CPU
		{595593E6-615C-4CF4-8016-B3818B99A9C9}.Release|Any CPU.ActiveCfg = Release|Any CPU
		{595593E6-615C-4CF4-8016-B3818B99A9C9}.Release|Any CPU.Build.0 = Release|Any CPU
	EndGlobalSection
	GlobalSection(SolutionProperties) = preSolution
		HideSolutionNode = FALSE
	EndGlobalSection
EndGlobal
